
Microsoft Visual Studio Solution File, Format Version 12.00
# Visual Studio Version 17
VisualStudioVersion = 17.9.34902.65
MinimumVisualStudioVersion = 10.0.40219.1
Project("{FAE04EC0-301F-11D3-BF4B-00C04F79EFBC}") = "Password_Validator", "Password_Validator\Password_Validator.csproj", "{B920BCD3-1210-401A-B0F1-F79774793C82}"
EndProject
Global
	GlobalSection(SolutionConfigurationPlatforms) = preSolution
		Debug|Any CPU = Debug|Any CPU
		Release|Any CPU = Release|Any CPU
	EndGlobalSection
	GlobalSection(ProjectConfigurationPlatforms) = postSolution
		{B920BCD3-1210-401A-B0F1-F79774793C82}.Debug|Any CPU.ActiveCfg = Debug|Any CPU
		{B920BCD3-1210-401A-B0F1-F79774793C82}.Debug|Any CPU.Build.0 = Debug|Any CPU
		{B920BCD3-1210-401A-B0F1-F79774793C82}.Release|Any CPU.ActiveCfg = Release|Any CPU
		{B920BCD3-1210-401A-B0F1-F79774793C82}.Release|Any CPU.Build.0 = Release|Any CPU
	EndGlobalSection
	GlobalSection(SolutionProperties) = preSolution
		HideSolutionNode = FALSE
	EndGlobalSection
	GlobalSection(ExtensibilityGlobals) = postSolution
		SolutionGuid = {508927DE-1994-47D5-AD50-AEEE3E9F1C35}
	EndGlobalSection
EndGlobal
